
Microsoft Visual Studio Solution File, Format Version 12.00
Project("{FAE04EC0-301F-11D3-BF4B-00C04F79EFBC}") = "OtusICloneable", "OtusICloneable\OtusICloneable.csproj", "{5E146C19-D471-48AB-BA7D-80AFECD4103A}"
EndProject
Global
	GlobalSection(SolutionConfigurationPlatforms) = preSolution
		Debug|Any CPU = Debug|Any CPU
		Release|Any CPU = Release|Any CPU
	EndGlobalSection
	GlobalSection(ProjectConfigurationPlatforms) = postSolution
		{5E146C19-D471-48AB-BA7D-80AFECD4103A}.Debug|Any CPU.ActiveCfg = Debug|Any CPU
		{5E146C19-D471-48AB-BA7D-80AFECD4103A}.Debug|Any CPU.Build.0 = Debug|Any CPU
		{5E146C19-D471-48AB-BA7D-80AFECD4103A}.Release|Any CPU.ActiveCfg = Release|Any CPU
		{5E146C19-D471-48AB-BA7D-80AFECD4103A}.Release|Any CPU.Build.0 = Release|Any CPU
	EndGlobalSection
EndGlobal
